
Microsoft Visual Studio Solution File, Format Version 12.00
# Visual Studio 15
VisualStudioVersion = 15.0.27004.2005
MinimumVisualStudioVersion = 10.0.40219.1
Project("{FAE04EC0-301F-11D3-BF4B-00C04F79EFBC}") = "Microsoft.RestApi.RestSplitter", "Microsoft.RestApi.RestSplitter\Microsoft.RestApi.RestSplitter.csproj", "{38C000D2-A748-4FD4-89FB-F64AB89ECA9F}"
EndProject
Project("{FAE04EC0-301F-11D3-BF4B-00C04F79EFBC}") = "Microsoft.RestApi.RestCI", "Microsoft.RestApi.RestCI\Microsoft.RestApi.RestCI.csproj", "{42D7A942-10CB-4E3A-BC01-CE045860CDF8}"
EndProject
Project("{FAE04EC0-301F-11D3-BF4B-00C04F79EFBC}") = "Microsoft.RestApi.Common", "Microsoft.RestApi.Common\Microsoft.RestApi.Common.csproj", "{D8163382-1574-4C41-AA06-B2C450AEB13B}"
EndProject
Global
	GlobalSection(SolutionConfigurationPlatforms) = preSolution
		Debug|Any CPU = Debug|Any CPU
		Release|Any CPU = Release|Any CPU
	EndGlobalSection
	GlobalSection(ProjectConfigurationPlatforms) = postSolution
		{38C000D2-A748-4FD4-89FB-F64AB89ECA9F}.Debug|Any CPU.ActiveCfg = Debug|Any CPU
		{38C000D2-A748-4FD4-89FB-F64AB89ECA9F}.Debug|Any CPU.Build.0 = Debug|Any CPU
		{38C000D2-A748-4FD4-89FB-F64AB89ECA9F}.Release|Any CPU.ActiveCfg = Release|Any CPU
		{38C000D2-A748-4FD4-89FB-F64AB89ECA9F}.Release|Any CPU.Build.0 = Release|Any CPU
		{42D7A942-10CB-4E3A-BC01-CE045860CDF8}.Debug|Any CPU.ActiveCfg = Debug|Any CPU
		{42D7A942-10CB-4E3A-BC01-CE045860CDF8}.Debug|Any CPU.Build.0 = Debug|Any CPU
		{42D7A942-10CB-4E3A-BC01-CE045860CDF8}.Release|Any CPU.ActiveCfg = Release|Any CPU
		{42D7A942-10CB-4E3A-BC01-CE045860CDF8}.Release|Any CPU.Build.0 = Release|Any CPU
		{D8163382-1574-4C41-AA06-B2C450AEB13B}.Debug|Any CPU.ActiveCfg = Debug|Any CPU
		{D8163382-1574-4C41-AA06-B2C450AEB13B}.Debug|Any CPU.Build.0 = Debug|Any CPU
		{D8163382-1574-4C41-AA06-B2C450AEB13B}.Release|Any CPU.ActiveCfg = Release|Any CPU
		{D8163382-1574-4C41-AA06-B2C450AEB13B}.Release|Any CPU.Build.0 = Release|Any CPU
	EndGlobalSection
	GlobalSection(SolutionProperties) = preSolution
		HideSolutionNode = FALSE
	EndGlobalSection
	GlobalSection(ExtensibilityGlobals) = postSolution
		SolutionGuid = {D75C8AC1-E206-421F-B4BA-0DDA146F417F}
	EndGlobalSection
EndGlobal
